
Microsoft Visual Studio Solution File, Format Version 12.00
# Visual Studio Version 16
VisualStudioVersion = 16.0.33214.272
MinimumVisualStudioVersion = 10.0.40219.1
Project("{FAE04EC0-301F-11D3-BF4B-00C04F79EFBC}") = "WindowsFormsApp2", "WindowsFormsApp2\WindowsFormsApp2.csproj", "{7E035B79-9CCA-44ED-A8A7-8F4AAD9B8CD8}"
EndProject
Global
	GlobalSection(SolutionConfigurationPlatforms) = preSolution
		Debug|Any CPU = Debug|Any CPU
		Release|Any CPU = Release|Any CPU
	EndGlobalSection
	GlobalSection(ProjectConfigurationPlatforms) = postSolution
		{7E035B79-9CCA-44ED-A8A7-8F4AAD9B8CD8}.Debug|Any CPU.ActiveCfg = Debug|Any CPU
		{7E035B79-9CCA-44ED-A8A7-8F4AAD9B8CD8}.Debug|Any CPU.Build.0 = Debug|Any CPU
		{7E035B79-9CCA-44ED-A8A7-8F4AAD9B8CD8}.Release|Any CPU.ActiveCfg = Release|Any CPU
		{7E035B79-9CCA-44ED-A8A7-8F4AAD9B8CD8}.Release|Any CPU.Build.0 = Release|Any CPU
	EndGlobalSection
	GlobalSection(SolutionProperties) = preSolution
		HideSolutionNode = FALSE
	EndGlobalSection
	GlobalSection(ExtensibilityGlobals) = postSolution
		SolutionGuid = {C91193B8-A9FC-427D-8CF7-CB5BE5219385}
	EndGlobalSection
EndGlobal
